
Microsoft Visual Studio Solution File, Format Version 12.00
# Visual Studio 15
VisualStudioVersion = 15.0.28307.421
MinimumVisualStudioVersion = 10.0.40219.1
Project("{FAE04EC0-301F-11D3-BF4B-00C04F79EFBC}") = "penguiny", "penguiny\penguiny.csproj", "{88E67C66-BEE0-4BFA-BEF7-DCF7EFAE3FF7}"
EndProject
Global
	GlobalSection(SolutionConfigurationPlatforms) = preSolution
		Debug|Any CPU = Debug|Any CPU
		Release|Any CPU = Release|Any CPU
	EndGlobalSection
	GlobalSection(ProjectConfigurationPlatforms) = postSolution
		{88E67C66-BEE0-4BFA-BEF7-DCF7EFAE3FF7}.Debug|Any CPU.ActiveCfg = Debug|Any CPU
		{88E67C66-BEE0-4BFA-BEF7-DCF7EFAE3FF7}.Debug|Any CPU.Build.0 = Debug|Any CPU
		{88E67C66-BEE0-4BFA-BEF7-DCF7EFAE3FF7}.Release|Any CPU.ActiveCfg = Release|Any CPU
		{88E67C66-BEE0-4BFA-BEF7-DCF7EFAE3FF7}.Release|Any CPU.Build.0 = Release|Any CPU
	EndGlobalSection
	GlobalSection(SolutionProperties) = preSolution
		HideSolutionNode = FALSE
	EndGlobalSection
	GlobalSection(ExtensibilityGlobals) = postSolution
		SolutionGuid = {2E73D99E-8F20-469C-9DDE-8393409BD6D7}
	EndGlobalSection
EndGlobal
